
Microsoft Visual Studio Solution File, Format Version 12.00
# Visual Studio Version 17
VisualStudioVersion = 17.11.35327.3
MinimumVisualStudioVersion = 10.0.40219.1
Project("{FAE04EC0-301F-11D3-BF4B-00C04F79EFBC}") = "LW5_Siadro", "LW5_Siadro\LW5_Siadro.csproj", "{92A8CE1C-C86C-4C4B-85DC-7792FBB819E2}"
EndProject
Global
	GlobalSection(SolutionConfigurationPlatforms) = preSolution
		Debug|Any CPU = Debug|Any CPU
		Release|Any CPU = Release|Any CPU
	EndGlobalSection
	GlobalSection(ProjectConfigurationPlatforms) = postSolution
		{92A8CE1C-C86C-4C4B-85DC-7792FBB819E2}.Debug|Any CPU.ActiveCfg = Debug|Any CPU
		{92A8CE1C-C86C-4C4B-85DC-7792FBB819E2}.Debug|Any CPU.Build.0 = Debug|Any CPU
		{92A8CE1C-C86C-4C4B-85DC-7792FBB819E2}.Release|Any CPU.ActiveCfg = Release|Any CPU
		{92A8CE1C-C86C-4C4B-85DC-7792FBB819E2}.Release|Any CPU.Build.0 = Release|Any CPU
	EndGlobalSection
	GlobalSection(SolutionProperties) = preSolution
		HideSolutionNode = FALSE
	EndGlobalSection
	GlobalSection(ExtensibilityGlobals) = postSolution
		SolutionGuid = {CCA2C2CB-D977-4650-B286-99BB251804A2}
	EndGlobalSection
EndGlobal
